
Microsoft Visual Studio Solution File, Format Version 12.00
# Visual Studio Version 17
VisualStudioVersion = 17.9.34607.119
MinimumVisualStudioVersion = 10.0.40219.1
Project("{FAE04EC0-301F-11D3-BF4B-00C04F79EFBC}") = "TesteDti.API", "TesteDti.API.csproj", "{440A5705-7341-491B-9DAE-C733E1A61A93}"
EndProject
Global
	GlobalSection(SolutionConfigurationPlatforms) = preSolution
		Debug|Any CPU = Debug|Any CPU
		Release|Any CPU = Release|Any CPU
	EndGlobalSection
	GlobalSection(ProjectConfigurationPlatforms) = postSolution
		{440A5705-7341-491B-9DAE-C733E1A61A93}.Debug|Any CPU.ActiveCfg = Debug|Any CPU
		{440A5705-7341-491B-9DAE-C733E1A61A93}.Debug|Any CPU.Build.0 = Debug|Any CPU
		{440A5705-7341-491B-9DAE-C733E1A61A93}.Release|Any CPU.ActiveCfg = Release|Any CPU
		{440A5705-7341-491B-9DAE-C733E1A61A93}.Release|Any CPU.Build.0 = Release|Any CPU
	EndGlobalSection
	GlobalSection(SolutionProperties) = preSolution
		HideSolutionNode = FALSE
	EndGlobalSection
	GlobalSection(ExtensibilityGlobals) = postSolution
		SolutionGuid = {D3B8E4B4-F003-40E6-B248-777710B5D2A5}
	EndGlobalSection
EndGlobal
